
Microsoft Visual Studio Solution File, Format Version 11.00
# Visual Studio 2010
Project("{F184B08F-C81C-45F6-A57F-5ABD9991F28F}") = "WindowsApplication1", "WindowsApplication1\WindowsApplication1.vbproj", "{FC5505D2-6178-454F-AD02-34224A71287A}"
EndProject
Global
	GlobalSection(SolutionConfigurationPlatforms) = preSolution
		Debug|x86 = Debug|x86
		Release|x86 = Release|x86
	EndGlobalSection
	GlobalSection(ProjectConfigurationPlatforms) = postSolution
		{FC5505D2-6178-454F-AD02-34224A71287A}.Debug|x86.ActiveCfg = Debug|x86
		{FC5505D2-6178-454F-AD02-34224A71287A}.Debug|x86.Build.0 = Debug|x86
		{FC5505D2-6178-454F-AD02-34224A71287A}.Release|x86.ActiveCfg = Release|x86
		{FC5505D2-6178-454F-AD02-34224A71287A}.Release|x86.Build.0 = Release|x86
	EndGlobalSection
	GlobalSection(SolutionProperties) = preSolution
		HideSolutionNode = FALSE
	EndGlobalSection
EndGlobal
